
Microsoft Visual Studio Solution File, Format Version 12.00
# Visual Studio Version 17
VisualStudioVersion = 17.14.36408.4 d17.14
MinimumVisualStudioVersion = 10.0.40219.1
Project("{FAE04EC0-301F-11D3-BF4B-00C04F79EFBC}") = "all-in-one-tracker-api", "all-in-one-tracker-api.csproj", "{ECC9B0CB-F9C8-4A91-A4E8-17BD6DBD66EC}"
EndProject
Global
	GlobalSection(SolutionConfigurationPlatforms) = preSolution
		Debug|Any CPU = Debug|Any CPU
		Release|Any CPU = Release|Any CPU
	EndGlobalSection
	GlobalSection(ProjectConfigurationPlatforms) = postSolution
		{ECC9B0CB-F9C8-4A91-A4E8-17BD6DBD66EC}.Debug|Any CPU.ActiveCfg = Debug|Any CPU
		{ECC9B0CB-F9C8-4A91-A4E8-17BD6DBD66EC}.Debug|Any CPU.Build.0 = Debug|Any CPU
		{ECC9B0CB-F9C8-4A91-A4E8-17BD6DBD66EC}.Release|Any CPU.ActiveCfg = Release|Any CPU
		{ECC9B0CB-F9C8-4A91-A4E8-17BD6DBD66EC}.Release|Any CPU.Build.0 = Release|Any CPU
	EndGlobalSection
	GlobalSection(SolutionProperties) = preSolution
		HideSolutionNode = FALSE
	EndGlobalSection
	GlobalSection(ExtensibilityGlobals) = postSolution
		SolutionGuid = {058257EF-1341-4CD6-8191-935733D0C315}
	EndGlobalSection
EndGlobal
